{
    "_readme": [
        "This file locks the dependencies of your project to a known state",
        "Read more about it at https://getcomposer.org/doc/01-basic-usage.md#installing-dependencies",
        "This file is @generated automatically"
    ],
    "content-hash": "551441bb24826397f65b87af09c449e9",
    "packages": [
        {
            "name": "byjoby/flatrr",
            "version": "v1.3.4",
            "source": {
                "type": "git",
                "url": "https://github.com/jobyone/flatrr.git",
                "reference": "8d96f2230bb55bc94103c6cbe29d0ec34220a6a0"
            },
            "dist": {
                "type": "zip",
                "url": "https://api.github.com/repos/jobyone/flatrr/zipball/8d96f2230bb55bc94103c6cbe29d0ec34220a6a0",
                "reference": "8d96f2230bb55bc94103c6cbe29d0ec34220a6a0",
                "shasum": ""
            },
            "require": {
                "php": ">=7.1",
                "symfony/yaml": "^4|^3|^2"
            },
            "require-dev": {
                "phpunit/phpunit": "^7.3"
            },
            "type": "library",
            "autoload": {
                "psr-4": {
                    "Flatrr\\": "src/"
                }
            },
            "notification-url": "https://packagist.org/downloads/",
            "license": [
                "MIT"
            ],
            "authors": [
                {
                    "name": "Joby Elliott",
                    "email": "joby@byjoby.com"
                }
            ],
            "description": "A library for working with multi-dimensional arrays through flattened keys",
            "time": "2020-06-23T15:02:47+00:00"
        },
        {
            "name": "chrisjean/php-ico",
            "version": "1.0.4",
            "source": {
                "type": "git",
                "url": "https://github.com/chrisbliss18/php-ico.git",
                "reference": "ccd5c0d56554f3ddcd7a823e695be83e0d1e43b6"
            },
            "dist": {
                "type": "zip",
                "url": "https://api.github.com/repos/chrisbliss18/php-ico/zipball/ccd5c0d56554f3ddcd7a823e695be83e0d1e43b6",
                "reference": "ccd5c0d56554f3ddcd7a823e695be83e0d1e43b6",
                "shasum": ""
            },
            "require": {
                "ext-gd": "*",
                "php": ">=5.2.4"
            },
            "type": "library",
            "autoload": {
                "classmap": [
                    "class-php-ico.php"
                ]
            },
            "notification-url": "https://packagist.org/downloads/",
            "license": [
                "GPL-2.0+"
            ],
            "authors": [
                {
                    "name": "Chris Jean",
                    "homepage": "https://chrisjean.com",
                    "role": "Developer"
                }
            ],
            "description": "An easy-to-use library to generate valid ICO files.",
            "homepage": "https://github.com/chrisbliss18/php-ico",
            "keywords": [
                "favicon",
                "ico"
            ],
            "time": "2016-09-27T22:00:56+00:00"
        },
        {
            "name": "erusev/parsedown",
            "version": "1.7.4",
            "source": {
                "type": "git",
                "url": "https://github.com/erusev/parsedown.git",
                "reference": "cb17b6477dfff935958ba01325f2e8a2bfa6dab3"
            },
            "dist": {
                "type": "zip",
                "url": "https://api.github.com/repos/erusev/parsedown/zipball/cb17b6477dfff935958ba01325f2e8a2bfa6dab3",
                "reference": "cb17b6477dfff935958ba01325f2e8a2bfa6dab3",
                "shasum": ""
            },
            "require": {
                "ext-mbstring": "*",
                "php": ">=5.3.0"
            },
            "require-dev": {
                "phpunit/phpunit": "^4.8.35"
            },
            "type": "library",
            "autoload": {
                "psr-0": {
                    "Parsedown": ""
                }
            },
            "notification-url": "https://packagist.org/downloads/",
            "license": [
                "MIT"
            ],
            "authors": [
                {
                    "name": "Emanuil Rusev",
                    "email": "hello@erusev.com",
                    "homepage": "http://erusev.com"
                }
            ],
            "description": "Parser for Markdown.",
            "homepage": "http://parsedown.org",
            "keywords": [
                "markdown",
                "parser"
            ],
            "time": "2019-12-30T22:54:17+00:00"
        },
        {
            "name": "erusev/parsedown-extra",
            "version": "0.8.1",
            "source": {
                "type": "git",
                "url": "https://github.com/erusev/parsedown-extra.git",
                "reference": "91ac3ff98f0cea243bdccc688df43810f044dcef"
            },
            "dist": {
                "type": "zip",
                "url": "https://api.github.com/repos/erusev/parsedown-extra/zipball/91ac3ff98f0cea243bdccc688df43810f044dcef",
                "reference": "91ac3ff98f0cea243bdccc688df43810f044dcef",
                "shasum": ""
            },
            "require": {
                "erusev/parsedown": "^1.7.4"
            },
            "require-dev": {
                "phpunit/phpunit": "^4.8.35"
            },
            "type": "library",
            "autoload": {
                "psr-0": {
                    "ParsedownExtra": ""
                }
            },
            "notification-url": "https://packagist.org/downloads/",
            "license": [
                "MIT"
            ],
            "authors": [
                {
                    "name": "Emanuil Rusev",
                    "email": "hello@erusev.com",
                    "homepage": "http://erusev.com"
                }
            ],
            "description": "An extension of Parsedown that adds support for Markdown Extra.",
            "homepage": "https://github.com/erusev/parsedown-extra",
            "keywords": [
                "markdown",
                "markdown extra",
                "parsedown",
                "parser"
            ],
            "time": "2019-12-30T23:20:37+00:00"
        },
        {
            "name": "imagine/imagine",
            "version": "1.2.3",
            "source": {
                "type": "git",
                "url": "https://github.com/avalanche123/Imagine.git",
                "reference": "cb2361e5bb4410b681462d8e4f912bc5dabf84ab"
            },
            "dist": {
                "type": "zip",
                "url": "https://api.github.com/repos/avalanche123/Imagine/zipball/cb2361e5bb4410b681462d8e4f912bc5dabf84ab",
                "reference": "cb2361e5bb4410b681462d8e4f912bc5dabf84ab",
                "shasum": ""
            },
            "require": {
                "php": ">=5.3.2"
            },
            "require-dev": {
                "friendsofphp/php-cs-fixer": "2.2.*",
                "phpunit/phpunit": "^4.8 || ^5.7 || ^6.5 || ^7.5 || ^8.4"
            },
            "suggest": {
                "ext-gd": "to use the GD implementation",
                "ext-gmagick": "to use the Gmagick implementation",
                "ext-imagick": "to use the Imagick implementation"
            },
            "type": "library",
            "extra": {
                "branch-alias": {
                    "dev-develop": "0.7-dev"
                }
            },
            "autoload": {
                "psr-4": {
                    "Imagine\\": "src/"
                }
            },
            "notification-url": "https://packagist.org/downloads/",
            "license": [
                "MIT"
            ],
            "authors": [
                {
                    "name": "Bulat Shakirzyanov",
                    "email": "mallluhuct@gmail.com",
                    "homepage": "http://avalanche123.com"
                }
            ],
            "description": "Image processing for PHP 5.3",
            "homepage": "http://imagine.readthedocs.org/",
            "keywords": [
                "drawing",
                "graphics",
                "image manipulation",
                "image processing"
            ],
            "time": "2019-12-04T09:55:33+00:00"
        },
        {
            "name": "leafcutter/addon-highlight",
            "version": "dev-main",
            "source": {
                "type": "git",
                "url": "https://github.com/leafcutter-cms/addon-highlight.git",
                "reference": "6835cdcd9652ae2bd5e81146a0f7b99d0c69a460"
            },
            "dist": {
                "type": "zip",
                "url": "https://api.github.com/repos/leafcutter-cms/addon-highlight/zipball/6835cdcd9652ae2bd5e81146a0f7b99d0c69a460",
                "reference": "6835cdcd9652ae2bd5e81146a0f7b99d0c69a460",
                "shasum": ""
            },
            "require": {
                "leafcutter/theme-hljs": "*",
                "scrivo/highlight.php": "v9.18.1.1"
            },
            "require-dev": {
                "leafcutter/leafcutter": "dev-main",
                "leafcutter/theme-core": "*"
            },
            "type": "leafcutter-addon",
            "extra": {
                "leafcutter-addon": "Leafcutter\\Addons\\Leafcutter\\SyntaxHighlighting\\Addon"
            },
            "autoload": {
                "psr-4": {
                    "Leafcutter\\Addons\\Leafcutter\\SyntaxHighlighting\\": "src"
                }
            },
            "notification-url": "https://packagist.org/downloads/",
            "license": [
                "MIT"
            ],
            "authors": [
                {
                    "name": "Joby Elliott",
                    "email": "code@byjoby.com"
                }
            ],
            "description": "Addon to provide global server-side syntax highlighting of anything in an HTML code tag",
            "time": "2020-09-16T22:50:35+00:00"
        },
        {
            "name": "leafcutter/addon-php-content",
            "version": "dev-main",
            "source": {
                "type": "git",
                "url": "https://github.com/leafcutter-cms/addon-php-content.git",
                "reference": "051da5eb68e44d9837297cf10e676fa714a14da2"
            },
            "dist": {
                "type": "zip",
                "url": "https://api.github.com/repos/leafcutter-cms/addon-php-content/zipball/051da5eb68e44d9837297cf10e676fa714a14da2",
                "reference": "051da5eb68e44d9837297cf10e676fa714a14da2",
                "shasum": ""
            },
            "require-dev": {
                "leafcutter/leafcutter": "dev-main",
                "leafcutter/theme-core": "*"
            },
            "type": "leafcutter-addon",
            "extra": {
                "leafcutter-addon": "Leafcutter\\Addons\\Leafcutter\\PHPContent\\Addon"
            },
            "autoload": {
                "psr-4": {
                    "Leafcutter\\Addons\\Leafcutter\\PHPContent\\": "src"
                }
            },
            "notification-url": "https://packagist.org/downloads/",
            "license": [
                "MIT"
            ],
            "authors": [
                {
                    "name": "Joby Elliott",
                    "email": "code@byjoby.com"
                }
            ],
            "description": "Addon to allow .php files to be executed to generate content.",
            "time": "2020-07-15T03:18:57+00:00"
        },
        {
            "name": "leafcutter/addon-static-pages",
            "version": "dev-main",
            "source": {
                "type": "git",
                "url": "https://github.com/leafcutter-cms/addon-static-pages.git",
                "reference": "42a9aa9590b0b00fb4d8efdcf6e6e3985c0348be"
            },
            "dist": {
                "type": "zip",
                "url": "https://api.github.com/repos/leafcutter-cms/addon-static-pages/zipball/42a9aa9590b0b00fb4d8efdcf6e6e3985c0348be",
                "reference": "42a9aa9590b0b00fb4d8efdcf6e6e3985c0348be",
                "shasum": ""
            },
            "require-dev": {
                "leafcutter/addon-php-content": "*",
                "leafcutter/leafcutter": "dev-main",
                "leafcutter/theme-core": "*"
            },
            "type": "leafcutter-addon",
            "extra": {
                "leafcutter-addon": "Leafcutter\\Addons\\Leafcutter\\StaticPages\\Addon"
            },
            "autoload": {
                "psr-4": {
                    "Leafcutter\\Addons\\Leafcutter\\StaticPages\\": "src"
                }
            },
            "notification-url": "https://packagist.org/downloads/",
            "license": [
                "MIT"
            ],
            "authors": [
                {
                    "name": "Joby Elliott",
                    "email": "code@byjoby.com"
                }
            ],
            "description": "Leafcutter static page addon. Creates static HTML files of page content, and injects asynchronous JS calls to update them.",
            "time": "2020-07-15T03:46:04+00:00"
        },
        {
            "name": "leafcutter/leafcutter",
            "version": "dev-main",
            "source": {
                "type": "git",
                "url": "https://github.com/leafcutter-cms/leafcutter.git",
                "reference": "577f5986b5db42e26dea6e9d35b817cacf305f04"
            },
            "dist": {
                "type": "zip",
                "url": "https://api.github.com/repos/leafcutter-cms/leafcutter/zipball/577f5986b5db42e26dea6e9d35b817cacf305f04",
                "reference": "577f5986b5db42e26dea6e9d35b817cacf305f04",
                "shasum": ""
            },
            "require": {
                "byjoby/flatrr": "^1.3",
                "chrisjean/php-ico": "~1",
                "composer-plugin-api": "^1.1",
                "erusev/parsedown-extra": "^0.8.1",
                "imagine/imagine": "~1",
                "matthiasmullie/minify": "~1",
                "monolog/monolog": "^2.0",
                "php": "^7.1",
                "scssphp/scssphp": "~1",
                "symfony/filesystem": "~5.0||~4.0||~3.0||~2.1",
                "symfony/yaml": "~5.0||~4.0",
                "tedivm/stash": "0.14.*",
                "twig/twig": "~2"
            },
            "require-dev": {
                "atoum/atoum": "^3.4",
                "atoum/stubs": "^2.6",
                "atoum/visibility-extension": "^1.3"
            },
            "type": "composer-plugin",
            "extra": {
                "class": "Leafcutter\\Composer\\Plugin"
            },
            "autoload": {
                "psr-4": {
                    "Leafcutter\\": "src"
                }
            },
            "notification-url": "https://packagist.org/downloads/",
            "license": [
                "MIT"
            ],
            "authors": [
                {
                    "name": "Joby Elliott",
                    "email": "jelliott@cs.unm.edu"
                }
            ],
            "time": "2020-09-16T23:36:47+00:00"
        },
        {
            "name": "leafcutter/theme-core",
            "version": "dev-main",
            "source": {
                "type": "git",
                "url": "https://github.com/leafcutter-cms/theme-core.git",
                "reference": "7f9a70f6e9b856bcd7673224263d225e63047cd1"
            },
            "dist": {
                "type": "zip",
                "url": "https://api.github.com/repos/leafcutter-cms/theme-core/zipball/7f9a70f6e9b856bcd7673224263d225e63047cd1",
                "reference": "7f9a70f6e9b856bcd7673224263d225e63047cd1",
                "shasum": ""
            },
            "type": "leafcutter-theme",
            "notification-url": "https://packagist.org/downloads/",
            "license": [
                "MIT"
            ],
            "authors": [
                {
                    "name": "Joby Elliott",
                    "email": "code@byjoby.com"
                }
            ],
            "description": "Core theme, which provides useful base packages for building new themes, as well as loading common CSS/JS libraries.",
            "time": "2020-06-21T18:46:26+00:00"
        },
        {
            "name": "leafcutter/theme-hljs",
            "version": "dev-main",
            "source": {
                "type": "git",
                "url": "https://github.com/leafcutter-cms/theme-hljs.git",
                "reference": "9fa63b3c1b139b21acc793cab5fd8b26f8027115"
            },
            "dist": {
                "type": "zip",
                "url": "https://api.github.com/repos/leafcutter-cms/theme-hljs/zipball/9fa63b3c1b139b21acc793cab5fd8b26f8027115",
                "reference": "9fa63b3c1b139b21acc793cab5fd8b26f8027115",
                "shasum": ""
            },
            "require": {
                "leafcutter/theme-core": "*"
            },
            "type": "leafcutter-theme",
            "notification-url": "https://packagist.org/downloads/",
            "license": [
                "MIT"
            ],
            "authors": [
                {
                    "name": "Joby Elliott",
                    "email": "code@byjoby.com"
                }
            ],
            "description": "Theme bundle providing bundles for both JS and CSS to support using highlight.js",
            "time": "2020-05-23T16:41:52+00:00"
        },
        {
            "name": "matthiasmullie/minify",
            "version": "1.3.63",
            "source": {
                "type": "git",
                "url": "https://github.com/matthiasmullie/minify.git",
                "reference": "9ba1b459828adc13430f4dd6c49dae4950dc4117"
            },
            "dist": {
                "type": "zip",
                "url": "https://api.github.com/repos/matthiasmullie/minify/zipball/9ba1b459828adc13430f4dd6c49dae4950dc4117",
                "reference": "9ba1b459828adc13430f4dd6c49dae4950dc4117",
                "shasum": ""
            },
            "require": {
                "ext-pcre": "*",
                "matthiasmullie/path-converter": "~1.1",
                "php": ">=5.3.0"
            },
            "require-dev": {
                "friendsofphp/php-cs-fixer": "~2.0",
                "matthiasmullie/scrapbook": "~1.0",
                "phpunit/phpunit": "~4.8"
            },
            "suggest": {
                "psr/cache-implementation": "Cache implementation to use with Minify::cache"
            },
            "bin": [
                "bin/minifycss",
                "bin/minifyjs"
            ],
            "type": "library",
            "autoload": {
                "psr-4": {
                    "MatthiasMullie\\Minify\\": "src/"
                }
            },
            "notification-url": "https://packagist.org/downloads/",
            "license": [
                "MIT"
            ],
            "authors": [
                {
                    "name": "Matthias Mullie",
                    "email": "minify@mullie.eu",
                    "homepage": "http://www.mullie.eu",
                    "role": "Developer"
                }
            ],
            "description": "CSS & JavaScript minifier, in PHP. Removes whitespace, strips comments, combines files (incl. @import statements and small assets in CSS files), and optimizes/shortens a few common programming patterns.",
            "homepage": "http://www.minifier.org",
            "keywords": [
                "JS",
                "css",
                "javascript",
                "minifier",
                "minify"
            ],
            "time": "2020-01-21T20:21:08+00:00"
        },
        {
            "name": "matthiasmullie/path-converter",
            "version": "1.1.3",
            "source": {
                "type": "git",
                "url": "https://github.com/matthiasmullie/path-converter.git",
                "reference": "e7d13b2c7e2f2268e1424aaed02085518afa02d9"
            },
            "dist": {
                "type": "zip",
                "url": "https://api.github.com/repos/matthiasmullie/path-converter/zipball/e7d13b2c7e2f2268e1424aaed02085518afa02d9",
                "reference": "e7d13b2c7e2f2268e1424aaed02085518afa02d9",
                "shasum": ""
            },
            "require": {
                "ext-pcre": "*",
                "php": ">=5.3.0"
            },
            "require-dev": {
                "phpunit/phpunit": "~4.8"
            },
            "type": "library",
            "autoload": {
                "psr-4": {
                    "MatthiasMullie\\PathConverter\\": "src/"
                }
            },
            "notification-url": "https://packagist.org/downloads/",
            "license": [
                "MIT"
            ],
            "authors": [
                {
                    "name": "Matthias Mullie",
                    "email": "pathconverter@mullie.eu",
                    "homepage": "http://www.mullie.eu",
                    "role": "Developer"
                }
            ],
            "description": "Relative path converter",
            "homepage": "http://github.com/matthiasmullie/path-converter",
            "keywords": [
                "converter",
                "path",
                "paths",
                "relative"
            ],
            "time": "2019-02-05T23:41:09+00:00"
        },
        {
            "name": "monolog/monolog",
            "version": "2.1.1",
            "source": {
                "type": "git",
                "url": "https://github.com/Seldaek/monolog.git",
                "reference": "f9eee5cec93dfb313a38b6b288741e84e53f02d5"
            },
            "dist": {
                "type": "zip",
                "url": "https://api.github.com/repos/Seldaek/monolog/zipball/f9eee5cec93dfb313a38b6b288741e84e53f02d5",
                "reference": "f9eee5cec93dfb313a38b6b288741e84e53f02d5",
                "shasum": ""
            },
            "require": {
                "php": ">=7.2",
                "psr/log": "^1.0.1"
            },
            "provide": {
                "psr/log-implementation": "1.0.0"
            },
            "require-dev": {
                "aws/aws-sdk-php": "^2.4.9 || ^3.0",
                "doctrine/couchdb": "~1.0@dev",
                "elasticsearch/elasticsearch": "^6.0",
                "graylog2/gelf-php": "^1.4.2",
                "php-amqplib/php-amqplib": "~2.4",
                "php-console/php-console": "^3.1.3",
                "php-parallel-lint/php-parallel-lint": "^1.0",
                "phpspec/prophecy": "^1.6.1",
                "phpunit/phpunit": "^8.5",
                "predis/predis": "^1.1",
                "rollbar/rollbar": "^1.3",
                "ruflin/elastica": ">=0.90 <3.0",
                "swiftmailer/swiftmailer": "^5.3|^6.0"
            },
            "suggest": {
                "aws/aws-sdk-php": "Allow sending log messages to AWS services like DynamoDB",
                "doctrine/couchdb": "Allow sending log messages to a CouchDB server",
                "elasticsearch/elasticsearch": "Allow sending log messages to an Elasticsearch server via official client",
                "ext-amqp": "Allow sending log messages to an AMQP server (1.0+ required)",
                "ext-mbstring": "Allow to work properly with unicode symbols",
                "ext-mongodb": "Allow sending log messages to a MongoDB server (via driver)",
                "graylog2/gelf-php": "Allow sending log messages to a GrayLog2 server",
                "mongodb/mongodb": "Allow sending log messages to a MongoDB server (via library)",
                "php-amqplib/php-amqplib": "Allow sending log messages to an AMQP server using php-amqplib",
                "php-console/php-console": "Allow sending log messages to Google Chrome",
                "rollbar/rollbar": "Allow sending log messages to Rollbar",
                "ruflin/elastica": "Allow sending log messages to an Elastic Search server"
            },
            "type": "library",
            "extra": {
                "branch-alias": {
                    "dev-master": "2.x-dev"
                }
            },
            "autoload": {
                "psr-4": {
                    "Monolog\\": "src/Monolog"
                }
            },
            "notification-url": "https://packagist.org/downloads/",
            "license": [
                "MIT"
            ],
            "authors": [
                {
                    "name": "Jordi Boggiano",
                    "email": "j.boggiano@seld.be",
                    "homepage": "http://seld.be"
                }
            ],
            "description": "Sends your logs to files, sockets, inboxes, databases and various web services",
            "homepage": "http://github.com/Seldaek/monolog",
            "keywords": [
                "log",
                "logging",
                "psr-3"
            ],
            "funding": [
                {
                    "url": "https://github.com/Seldaek",
                    "type": "github"
                },
                {
                    "url": "https://tidelift.com/funding/github/packagist/monolog/monolog",
                    "type": "tidelift"
                }
            ],
            "time": "2020-07-23T08:41:23+00:00"
        },
        {
            "name": "psr/cache",
            "version": "1.0.1",
            "source": {
                "type": "git",
                "url": "https://github.com/php-fig/cache.git",
                "reference": "d11b50ad223250cf17b86e38383413f5a6764bf8"
            },
            "dist": {
                "type": "zip",
                "url": "https://api.github.com/repos/php-fig/cache/zipball/d11b50ad223250cf17b86e38383413f5a6764bf8",
                "reference": "d11b50ad223250cf17b86e38383413f5a6764bf8",
                "shasum": ""
            },
            "require": {
                "php": ">=5.3.0"
            },
            "type": "library",
            "extra": {
                "branch-alias": {
                    "dev-master": "1.0.x-dev"
                }
            },
            "autoload": {
                "psr-4": {
                    "Psr\\Cache\\": "src/"
                }
            },
            "notification-url": "https://packagist.org/downloads/",
            "license": [
                "MIT"
            ],
            "authors": [
                {
                    "name": "PHP-FIG",
                    "homepage": "http://www.php-fig.org/"
                }
            ],
            "description": "Common interface for caching libraries",
            "keywords": [
                "cache",
                "psr",
                "psr-6"
            ],
            "time": "2016-08-06T20:24:11+00:00"
        },
        {
            "name": "psr/log",
            "version": "1.1.3",
            "source": {
                "type": "git",
                "url": "https://github.com/php-fig/log.git",
                "reference": "0f73288fd15629204f9d42b7055f72dacbe811fc"
            },
            "dist": {
                "type": "zip",
                "url": "https://api.github.com/repos/php-fig/log/zipball/0f73288fd15629204f9d42b7055f72dacbe811fc",
                "reference": "0f73288fd15629204f9d42b7055f72dacbe811fc",
                "shasum": ""
            },
            "require": {
                "php": ">=5.3.0"
            },
            "type": "library",
            "extra": {
                "branch-alias": {
                    "dev-master": "1.1.x-dev"
                }
            },
            "autoload": {
                "psr-4": {
                    "Psr\\Log\\": "Psr/Log/"
                }
            },
            "notification-url": "https://packagist.org/downloads/",
            "license": [
                "MIT"
            ],
            "authors": [
                {
                    "name": "PHP-FIG",
                    "homepage": "http://www.php-fig.org/"
                }
            ],
            "description": "Common interface for logging libraries",
            "homepage": "https://github.com/php-fig/log",
            "keywords": [
                "log",
                "psr",
                "psr-3"
            ],
            "time": "2020-03-23T09:12:05+00:00"
        },
        {
            "name": "scrivo/highlight.php",
            "version": "v9.18.1.1",
            "source": {
                "type": "git",
                "url": "https://github.com/scrivo/highlight.php.git",
                "reference": "52fc21c99fd888e33aed4879e55a3646f8d40558"
            },
            "dist": {
                "type": "zip",
                "url": "https://api.github.com/repos/scrivo/highlight.php/zipball/52fc21c99fd888e33aed4879e55a3646f8d40558",
                "reference": "52fc21c99fd888e33aed4879e55a3646f8d40558",
                "shasum": ""
            },
            "require": {
                "ext-json": "*",
                "ext-mbstring": "*",
                "php": ">=5.4"
            },
            "require-dev": {
                "phpunit/phpunit": "^4.8|^5.7",
                "sabberworm/php-css-parser": "^8.3",
                "symfony/finder": "^2.8|^3.4",
                "symfony/var-dumper": "^2.8|^3.4"
            },
            "suggest": {
                "ext-dom": "Needed to make use of the features in the utilities namespace"
            },
            "type": "library",
            "autoload": {
                "psr-0": {
                    "Highlight\\": "",
                    "HighlightUtilities\\": ""
                },
                "files": [
                    "HighlightUtilities/functions.php"
                ]
            },
            "notification-url": "https://packagist.org/downloads/",
            "license": [
                "BSD-3-Clause"
            ],
            "authors": [
                {
                    "name": "Geert Bergman",
                    "homepage": "http://www.scrivo.org/",
                    "role": "Project Author"
                },
                {
                    "name": "Vladimir Jimenez",
                    "homepage": "https://allejo.io",
                    "role": "Maintainer"
                },
                {
                    "name": "Martin Folkers",
                    "homepage": "https://twobrain.io",
                    "role": "Contributor"
                }
            ],
            "description": "Server side syntax highlighter that supports 185 languages. It's a PHP port of highlight.js",
            "keywords": [
                "code",
                "highlight",
                "highlight.js",
                "highlight.php",
                "syntax"
            ],
            "funding": [
                {
                    "url": "https://github.com/allejo",
                    "type": "github"
                }
            ],
            "time": "2020-03-02T05:59:21+00:00"
        },
        {
            "name": "scssphp/scssphp",
            "version": "1.2.1",
            "source": {
                "type": "git",
                "url": "https://github.com/scssphp/scssphp.git",
                "reference": "a05ea68160b7286ebbfd6e5fd7ae9e1a946ad6e1"
            },
            "dist": {
                "type": "zip",
                "url": "https://api.github.com/repos/scssphp/scssphp/zipball/a05ea68160b7286ebbfd6e5fd7ae9e1a946ad6e1",
                "reference": "a05ea68160b7286ebbfd6e5fd7ae9e1a946ad6e1",
                "shasum": ""
            },
            "require": {
                "ext-ctype": "*",
                "ext-json": "*",
                "php": ">=5.6.0"
            },
            "require-dev": {
                "phpunit/phpunit": "^5.7 || ^6.5 || ^7.5 || ^8.3",
                "sass/sass-spec": "2020.08.10",
                "squizlabs/php_codesniffer": "~3.5",
                "twbs/bootstrap": "~4.3",
                "zurb/foundation": "~6.5"
            },
            "bin": [
                "bin/pscss"
            ],
            "type": "library",
            "autoload": {
                "psr-4": {
                    "ScssPhp\\ScssPhp\\": "src/"
                }
            },
            "notification-url": "https://packagist.org/downloads/",
            "license": [
                "MIT"
            ],
            "authors": [
                {
                    "name": "Anthon Pang",
                    "email": "apang@softwaredevelopment.ca",
                    "homepage": "https://github.com/robocoder"
                },
                {
                    "name": "Cédric Morin",
                    "email": "cedric@yterium.com",
                    "homepage": "https://github.com/Cerdic"
                }
            ],
            "description": "scssphp is a compiler for SCSS written in PHP.",
            "homepage": "http://scssphp.github.io/scssphp/",
            "keywords": [
                "css",
                "less",
                "sass",
                "scss",
                "stylesheet"
            ],
            "time": "2020-09-07T21:15:42+00:00"
        },
        {
            "name": "symfony/filesystem",
            "version": "v5.1.5",
            "source": {
                "type": "git",
                "url": "https://github.com/symfony/filesystem.git",
                "reference": "f7b9ed6142a34252d219801d9767dedbd711da1a"
            },
            "dist": {
                "type": "zip",
                "url": "https://api.github.com/repos/symfony/filesystem/zipball/f7b9ed6142a34252d219801d9767dedbd711da1a",
                "reference": "f7b9ed6142a34252d219801d9767dedbd711da1a",
                "shasum": ""
            },
            "require": {
                "php": ">=7.2.5",
                "symfony/polyfill-ctype": "~1.8"
            },
            "type": "library",
            "extra": {
                "branch-alias": {
                    "dev-master": "5.1-dev"
                }
            },
            "autoload": {
                "psr-4": {
                    "Symfony\\Component\\Filesystem\\": ""
                },
                "exclude-from-classmap": [
                    "/Tests/"
                ]
            },
            "notification-url": "https://packagist.org/downloads/",
            "license": [
                "MIT"
            ],
            "authors": [
                {
                    "name": "Fabien Potencier",
                    "email": "fabien@symfony.com"
                },
                {
                    "name": "Symfony Community",
                    "homepage": "https://symfony.com/contributors"
                }
            ],
            "description": "Symfony Filesystem Component",
            "homepage": "https://symfony.com",
            "funding": [
                {
                    "url": "https://symfony.com/sponsor",
                    "type": "custom"
                },
                {
                    "url": "https://github.com/fabpot",
                    "type": "github"
                },
                {
                    "url": "https://tidelift.com/funding/github/packagist/symfony/symfony",
                    "type": "tidelift"
                }
            ],
            "time": "2020-08-21T17:19:47+00:00"
        },
        {
            "name": "symfony/polyfill-ctype",
            "version": "v1.18.1",
            "source": {
                "type": "git",
                "url": "https://github.com/symfony/polyfill-ctype.git",
                "reference": "1c302646f6efc070cd46856e600e5e0684d6b454"
            },
            "dist": {
                "type": "zip",
                "url": "https://api.github.com/repos/symfony/polyfill-ctype/zipball/1c302646f6efc070cd46856e600e5e0684d6b454",
                "reference": "1c302646f6efc070cd46856e600e5e0684d6b454",
                "shasum": ""
            },
            "require": {
                "php": ">=5.3.3"
            },
            "suggest": {
                "ext-ctype": "For best performance"
            },
            "type": "library",
            "extra": {
                "branch-alias": {
                    "dev-master": "1.18-dev"
                },
                "thanks": {
                    "name": "symfony/polyfill",
                    "url": "https://github.com/symfony/polyfill"
                }
            },
            "autoload": {
                "psr-4": {
                    "Symfony\\Polyfill\\Ctype\\": ""
                },
                "files": [
                    "bootstrap.php"
                ]
            },
            "notification-url": "https://packagist.org/downloads/",
            "license": [
                "MIT"
            ],
            "authors": [
                {
                    "name": "Gert de Pagter",
                    "email": "BackEndTea@gmail.com"
                },
                {
                    "name": "Symfony Community",
                    "homepage": "https://symfony.com/contributors"
                }
            ],
            "description": "Symfony polyfill for ctype functions",
            "homepage": "https://symfony.com",
            "keywords": [
                "compatibility",
                "ctype",
                "polyfill",
                "portable"
            ],
            "funding": [
                {
                    "url": "https://symfony.com/sponsor",
                    "type": "custom"
                },
                {
                    "url": "https://github.com/fabpot",
                    "type": "github"
                },
                {
                    "url": "https://tidelift.com/funding/github/packagist/symfony/symfony",
                    "type": "tidelift"
                }
            ],
            "time": "2020-07-14T12:35:20+00:00"
        },
        {
            "name": "symfony/polyfill-mbstring",
            "version": "v1.18.1",
            "source": {
                "type": "git",
                "url": "https://github.com/symfony/polyfill-mbstring.git",
                "reference": "a6977d63bf9a0ad4c65cd352709e230876f9904a"
            },
            "dist": {
                "type": "zip",
                "url": "https://api.github.com/repos/symfony/polyfill-mbstring/zipball/a6977d63bf9a0ad4c65cd352709e230876f9904a",
                "reference": "a6977d63bf9a0ad4c65cd352709e230876f9904a",
                "shasum": ""
            },
            "require": {
                "php": ">=5.3.3"
            },
            "suggest": {
                "ext-mbstring": "For best performance"
            },
            "type": "library",
            "extra": {
                "branch-alias": {
                    "dev-master": "1.18-dev"
                },
                "thanks": {
                    "name": "symfony/polyfill",
                    "url": "https://github.com/symfony/polyfill"
                }
            },
            "autoload": {
                "psr-4": {
                    "Symfony\\Polyfill\\Mbstring\\": ""
                },
                "files": [
                    "bootstrap.php"
                ]
            },
            "notification-url": "https://packagist.org/downloads/",
            "license": [
                "MIT"
            ],
            "authors": [
                {
                    "name": "Nicolas Grekas",
                    "email": "p@tchwork.com"
                },
                {
                    "name": "Symfony Community",
                    "homepage": "https://symfony.com/contributors"
                }
            ],
            "description": "Symfony polyfill for the Mbstring extension",
            "homepage": "https://symfony.com",
            "keywords": [
                "compatibility",
                "mbstring",
                "polyfill",
                "portable",
                "shim"
            ],
            "funding": [
                {
                    "url": "https://symfony.com/sponsor",
                    "type": "custom"
                },
                {
                    "url": "https://github.com/fabpot",
                    "type": "github"
                },
                {
                    "url": "https://tidelift.com/funding/github/packagist/symfony/symfony",
                    "type": "tidelift"
                }
            ],
            "time": "2020-07-14T12:35:20+00:00"
        },
        {
            "name": "symfony/yaml",
            "version": "v4.4.13",
            "source": {
                "type": "git",
                "url": "https://github.com/symfony/yaml.git",
                "reference": "e2a69525b11a33be51cb00b8d6d13a9258a296b1"
            },
            "dist": {
                "type": "zip",
                "url": "https://api.github.com/repos/symfony/yaml/zipball/e2a69525b11a33be51cb00b8d6d13a9258a296b1",
                "reference": "e2a69525b11a33be51cb00b8d6d13a9258a296b1",
                "shasum": ""
            },
            "require": {
                "php": ">=7.1.3",
                "symfony/polyfill-ctype": "~1.8"
            },
            "conflict": {
                "symfony/console": "<3.4"
            },
            "require-dev": {
                "symfony/console": "^3.4|^4.0|^5.0"
            },
            "suggest": {
                "symfony/console": "For validating YAML files using the lint command"
            },
            "type": "library",
            "extra": {
                "branch-alias": {
                    "dev-master": "4.4-dev"
                }
            },
            "autoload": {
                "psr-4": {
                    "Symfony\\Component\\Yaml\\": ""
                },
                "exclude-from-classmap": [
                    "/Tests/"
                ]
            },
            "notification-url": "https://packagist.org/downloads/",
            "license": [
                "MIT"
            ],
            "authors": [
                {
                    "name": "Fabien Potencier",
                    "email": "fabien@symfony.com"
                },
                {
                    "name": "Symfony Community",
                    "homepage": "https://symfony.com/contributors"
                }
            ],
            "description": "Symfony Yaml Component",
            "homepage": "https://symfony.com",
            "funding": [
                {
                    "url": "https://symfony.com/sponsor",
                    "type": "custom"
                },
                {
                    "url": "https://github.com/fabpot",
                    "type": "github"
                },
                {
                    "url": "https://tidelift.com/funding/github/packagist/symfony/symfony",
                    "type": "tidelift"
                }
            ],
            "time": "2020-08-26T08:30:46+00:00"
        },
        {
            "name": "tedivm/stash",
            "version": "v0.14.2",
            "source": {
                "type": "git",
                "url": "https://github.com/tedious/Stash.git",
                "reference": "7ea9749784152dcd2dab72c4bbf2bef18c326e41"
            },
            "dist": {
                "type": "zip",
                "url": "https://api.github.com/repos/tedious/Stash/zipball/7ea9749784152dcd2dab72c4bbf2bef18c326e41",
                "reference": "7ea9749784152dcd2dab72c4bbf2bef18c326e41",
                "shasum": ""
            },
            "require": {
                "php": "^5.4|^7.0",
                "psr/cache": "~1.0"
            },
            "provide": {
                "psr/cache-implementation": "1.0.0"
            },
            "require-dev": {
                "friendsofphp/php-cs-fixer": "^1.9",
                "phpunit/phpunit": "4.8.*",
                "satooshi/php-coveralls": "1.0.*"
            },
            "type": "library",
            "autoload": {
                "psr-4": {
                    "Stash\\": "src/Stash/"
                }
            },
            "notification-url": "https://packagist.org/downloads/",
            "license": [
                "BSD-3-Clause"
            ],
            "authors": [
                {
                    "name": "Robert Hafner",
                    "email": "tedivm@tedivm.com"
                },
                {
                    "name": "Josh Hall-Bachner",
                    "email": "charlequin@gmail.com"
                }
            ],
            "description": "The place to keep your cache.",
            "homepage": "http://github.com/tedious/Stash",
            "keywords": [
                "apc",
                "cache",
                "caching",
                "memcached",
                "psr-6",
                "psr6",
                "redis",
                "sessions"
            ],
            "time": "2017-04-23T17:16:57+00:00"
        },
        {
            "name": "twig/twig",
            "version": "v2.13.1",
            "source": {
                "type": "git",
                "url": "https://github.com/twigphp/Twig.git",
                "reference": "57e96259776ddcacf1814885fc3950460c8e18ef"
            },
            "dist": {
                "type": "zip",
                "url": "https://api.github.com/repos/twigphp/Twig/zipball/57e96259776ddcacf1814885fc3950460c8e18ef",
                "reference": "57e96259776ddcacf1814885fc3950460c8e18ef",
                "shasum": ""
            },
            "require": {
                "php": ">=7.1.3",
                "symfony/polyfill-ctype": "^1.8",
                "symfony/polyfill-mbstring": "^1.3"
            },
            "require-dev": {
                "psr/container": "^1.0",
                "symfony/phpunit-bridge": "^4.4.9|^5.0.9"
            },
            "type": "library",
            "extra": {
                "branch-alias": {
                    "dev-master": "2.13-dev"
                }
            },
            "autoload": {
                "psr-0": {
                    "Twig_": "lib/"
                },
                "psr-4": {
                    "Twig\\": "src/"
                }
            },
            "notification-url": "https://packagist.org/downloads/",
            "license": [
                "BSD-3-Clause"
            ],
            "authors": [
                {
                    "name": "Fabien Potencier",
                    "email": "fabien@symfony.com",
                    "homepage": "http://fabien.potencier.org",
                    "role": "Lead Developer"
                },
                {
                    "name": "Twig Team",
                    "role": "Contributors"
                },
                {
                    "name": "Armin Ronacher",
                    "email": "armin.ronacher@active-4.com",
                    "role": "Project Founder"
                }
            ],
            "description": "Twig, the flexible, fast, and secure template language for PHP",
            "homepage": "https://twig.symfony.com",
            "keywords": [
                "templating"
            ],
            "funding": [
                {
                    "url": "https://github.com/fabpot",
                    "type": "github"
                },
                {
                    "url": "https://tidelift.com/funding/github/packagist/twig/twig",
                    "type": "tidelift"
                }
            ],
            "time": "2020-08-05T15:09:04+00:00"
        }
    ],
    "packages-dev": [],
    "aliases": [],
    "minimum-stability": "dev",
    "stability-flags": {
        "leafcutter/leafcutter": 20
    },
    "prefer-stable": true,
    "prefer-lowest": false,
    "platform": [],
    "platform-dev": [],
    "platform-overrides": {
        "php": "7.2.24"
    },
    "plugin-api-version": "1.1.0"
}
